
Microsoft Visual Studio Solution File, Format Version 12.00
# Visual Studio Version 16
VisualStudioVersion = 16.0.33801.447
MinimumVisualStudioVersion = 10.0.40219.1
Project("{FAE04EC0-301F-11D3-BF4B-00C04F79EFBC}") = "classTypes", "classTypes\classTypes.csproj", "{F10736CE-90AA-4EC2-8629-3093E865E8C1}"
EndProject
Global
	GlobalSection(SolutionConfigurationPlatforms) = preSolution
		Debug|Any CPU = Debug|Any CPU
		Release|Any CPU = Release|Any CPU
	EndGlobalSection
	GlobalSection(ProjectConfigurationPlatforms) = postSolution
		{F10736CE-90AA-4EC2-8629-3093E865E8C1}.Debug|Any CPU.ActiveCfg = Debug|Any CPU
		{F10736CE-90AA-4EC2-8629-3093E865E8C1}.Debug|Any CPU.Build.0 = Debug|Any CPU
		{F10736CE-90AA-4EC2-8629-3093E865E8C1}.Release|Any CPU.ActiveCfg = Release|Any CPU
		{F10736CE-90AA-4EC2-8629-3093E865E8C1}.Release|Any CPU.Build.0 = Release|Any CPU
	EndGlobalSection
	GlobalSection(SolutionProperties) = preSolution
		HideSolutionNode = FALSE
	EndGlobalSection
	GlobalSection(ExtensibilityGlobals) = postSolution
		SolutionGuid = {C0F4454B-D820-451F-840B-7CCD19E56A28}
	EndGlobalSection
EndGlobal
